
Microsoft Visual Studio Solution File, Format Version 12.00
Project("{FAE04EC0-301F-11D3-BF4B-00C04F79EFBC}") = "JosephGuadagno.AzureHelpers.Cosmos", "src\JosephGuadagno.AzureHelpers.Cosmos.csproj", "{D5995C60-30E9-4735-B9DE-3070A29640C5}"
EndProject
Project("{FAE04EC0-301F-11D3-BF4B-00C04F79EFBC}") = "JosephGuadagno.AzureHelpers.Cosmos.Tests", "tests\JosephGuadagno.AzureHelpers.Cosmos.Tests.csproj", "{B4273D38-CA11-43CA-B770-A146F8920830}"
EndProject
Project("{2150E333-8FDC-42A3-9474-1A3956D46DE8}") = "ExtraStuff", "ExtraStuff", "{C8E6DB86-039C-43E0-B575-5341FB5BBC71}"
	ProjectSection(SolutionItems) = preProject
		azure-pipelines.yml = azure-pipelines.yml
		NuGetKeyVaultSign.ps1 = NuGetKeyVaultSign.ps1
		README.md = README.md
	EndProjectSection
EndProject
Global
	GlobalSection(SolutionConfigurationPlatforms) = preSolution
		Debug|Any CPU = Debug|Any CPU
		Release|Any CPU = Release|Any CPU
	EndGlobalSection
	GlobalSection(ProjectConfigurationPlatforms) = postSolution
		{D5995C60-30E9-4735-B9DE-3070A29640C5}.Debug|Any CPU.ActiveCfg = Debug|Any CPU
		{D5995C60-30E9-4735-B9DE-3070A29640C5}.Debug|Any CPU.Build.0 = Debug|Any CPU
		{D5995C60-30E9-4735-B9DE-3070A29640C5}.Release|Any CPU.ActiveCfg = Release|Any CPU
		{D5995C60-30E9-4735-B9DE-3070A29640C5}.Release|Any CPU.Build.0 = Release|Any CPU
		{B4273D38-CA11-43CA-B770-A146F8920830}.Debug|Any CPU.ActiveCfg = Debug|Any CPU
		{B4273D38-CA11-43CA-B770-A146F8920830}.Debug|Any CPU.Build.0 = Debug|Any CPU
		{B4273D38-CA11-43CA-B770-A146F8920830}.Release|Any CPU.ActiveCfg = Release|Any CPU
		{B4273D38-CA11-43CA-B770-A146F8920830}.Release|Any CPU.Build.0 = Release|Any CPU
	EndGlobalSection
EndGlobal
